
Microsoft Visual Studio Solution File, Format Version 12.00
# Visual Studio Version 17
VisualStudioVersion = 17.4.33213.308
MinimumVisualStudioVersion = 10.0.40219.1
Project("{FAE04EC0-301F-11D3-BF4B-00C04F79EFBC}") = "UniversityManagement.Core", "UniversityManagement.Core\UniversityManagement.Core.csproj", "{FE6EF08E-9F02-4681-935B-4C98C6D4A128}"
EndProject
Project("{FAE04EC0-301F-11D3-BF4B-00C04F79EFBC}") = "UniversityManagement.Data", "UniversityManagement.Data\UniversityManagement.Data.csproj", "{C55C8454-7763-426F-BEF5-F986F8CA7E27}"
EndProject
Project("{FAE04EC0-301F-11D3-BF4B-00C04F79EFBC}") = "UniversityManagement.Service", "UniversityManagement.Service\UniversityManagement.Service.csproj", "{550D26B8-E11B-46DD-8BCC-C013DD6D88E3}"
EndProject
Project("{FAE04EC0-301F-11D3-BF4B-00C04F79EFBC}") = "UniversityManagement.Api", "UniversityManagement.Api\UniversityManagement.Api.csproj", "{EBD42FCA-B74F-4E6F-B050-D1EBC8A16BB0}"
EndProject
Project("{FAE04EC0-301F-11D3-BF4B-00C04F79EFBC}") = "SharedLibrary", "SharedLibrary\SharedLibrary.csproj", "{6FEC090F-839D-4AD6-9788-4F211BA569C4}"
EndProject
Global
	GlobalSection(SolutionConfigurationPlatforms) = preSolution
		Debug|Any CPU = Debug|Any CPU
		Release|Any CPU = Release|Any CPU
	EndGlobalSection
	GlobalSection(ProjectConfigurationPlatforms) = postSolution
		{FE6EF08E-9F02-4681-935B-4C98C6D4A128}.Debug|Any CPU.ActiveCfg = Debug|Any CPU
		{FE6EF08E-9F02-4681-935B-4C98C6D4A128}.Debug|Any CPU.Build.0 = Debug|Any CPU
		{FE6EF08E-9F02-4681-935B-4C98C6D4A128}.Release|Any CPU.ActiveCfg = Release|Any CPU
		{FE6EF08E-9F02-4681-935B-4C98C6D4A128}.Release|Any CPU.Build.0 = Release|Any CPU
		{C55C8454-7763-426F-BEF5-F986F8CA7E27}.Debug|Any CPU.ActiveCfg = Debug|Any CPU
		{C55C8454-7763-426F-BEF5-F986F8CA7E27}.Debug|Any CPU.Build.0 = Debug|Any CPU
		{C55C8454-7763-426F-BEF5-F986F8CA7E27}.Release|Any CPU.ActiveCfg = Release|Any CPU
		{C55C8454-7763-426F-BEF5-F986F8CA7E27}.Release|Any CPU.Build.0 = Release|Any CPU
		{550D26B8-E11B-46DD-8BCC-C013DD6D88E3}.Debug|Any CPU.ActiveCfg = Debug|Any CPU
		{550D26B8-E11B-46DD-8BCC-C013DD6D88E3}.Debug|Any CPU.Build.0 = Debug|Any CPU
		{550D26B8-E11B-46DD-8BCC-C013DD6D88E3}.Release|Any CPU.ActiveCfg = Release|Any CPU
		{550D26B8-E11B-46DD-8BCC-C013DD6D88E3}.Release|Any CPU.Build.0 = Release|Any CPU
		{EBD42FCA-B74F-4E6F-B050-D1EBC8A16BB0}.Debug|Any CPU.ActiveCfg = Debug|Any CPU
		{EBD42FCA-B74F-4E6F-B050-D1EBC8A16BB0}.Debug|Any CPU.Build.0 = Debug|Any CPU
		{EBD42FCA-B74F-4E6F-B050-D1EBC8A16BB0}.Release|Any CPU.ActiveCfg = Release|Any CPU
		{EBD42FCA-B74F-4E6F-B050-D1EBC8A16BB0}.Release|Any CPU.Build.0 = Release|Any CPU
		{6FEC090F-839D-4AD6-9788-4F211BA569C4}.Debug|Any CPU.ActiveCfg = Debug|Any CPU
		{6FEC090F-839D-4AD6-9788-4F211BA569C4}.Debug|Any CPU.Build.0 = Debug|Any CPU
		{6FEC090F-839D-4AD6-9788-4F211BA569C4}.Release|Any CPU.ActiveCfg = Release|Any CPU
		{6FEC090F-839D-4AD6-9788-4F211BA569C4}.Release|Any CPU.Build.0 = Release|Any CPU
	EndGlobalSection
	GlobalSection(SolutionProperties) = preSolution
		HideSolutionNode = FALSE
	EndGlobalSection
	GlobalSection(ExtensibilityGlobals) = postSolution
		SolutionGuid = {7DF4931E-5D9E-4A6B-BA5F-4D3238FD96D6}
	EndGlobalSection
EndGlobal
